<Solution>
  <Folder Name="/Solution Items/">
    <File Path=".editorconfig" />
    <File Path=".github/workflows/publish.yml" />
    <File Path=".gitignore" />
    <File Path="manifest.json" />
    <File Path="README.md" />
  </Folder>
  <Project Path="Jellyfin.Plugin.TorrentTags/Jellyfin.Plugin.TorrentTags.csproj" />
</Solution>
